// !$*UTF8*$!
{
	archiveVersion = 1;
	classes = {
	};
	objectVersion = 46;
	objects = {

/* Begin PBXBuildFile section */
		C2130BD81C987650009B3BB8 /* ActivityView.swift in Sources */ = {isa = PBXBuildFile; fileRef = C2130BD71C987650009B3BB8 /* ActivityView.swift */; };
		C21ECE281C5FB21500689FDE /* AffiliateListTableViewController.swift in Sources */ = {isa = PBXBuildFile; fileRef = C21ECE271C5FB21500689FDE /* AffiliateListTableViewController.swift */; };
		C224C8981C92138700F4E393 /* AboutPageViewController.swift in Sources */ = {isa = PBXBuildFile; fileRef = C224C8971C92138700F4E393 /* AboutPageViewController.swift */; };
		C224CDFC1CB6CA42003147F0 /* RecipientTableViewCell.swift in Sources */ = {isa = PBXBuildFile; fileRef = C224CDFB1CB6CA42003147F0 /* RecipientTableViewCell.swift */; };
		C22668081D9D620900E5F062 /* TestCode.swift in Sources */ = {isa = PBXBuildFile; fileRef = C22668061D9D5D1500E5F062 /* TestCode.swift */; };
		C226680B1D9D710800E5F062 /* AffiliateTableViewCell.swift in Sources */ = {isa = PBXBuildFile; fileRef = C22668091D9D707500E5F062 /* AffiliateTableViewCell.swift */; };
		C234BD561C5293CF002E9814 /* SpeakerListTableViewController.swift in Sources */ = {isa = PBXBuildFile; fileRef = C234BD551C5293CF002E9814 /* SpeakerListTableViewController.swift */; };
		C2494E281C89FBFE00E2969D /* Reachability.swift in Sources */ = {isa = PBXBuildFile; fileRef = C2494E271C89FBFE00E2969D /* Reachability.swift */; };
		C24FF48C1D9195750061B3E2 /* ShingoEventsTests.swift in Sources */ = {isa = PBXBuildFile; fileRef = C24FF48B1D9195750061B3E2 /* ShingoEventsTests.swift */; };
		C25F4F801D95E9E8009A9830 /* EventTableViewCell.swift in Sources */ = {isa = PBXBuildFile; fileRef = C25F4F7F1D95E9E8009A9830 /* EventTableViewCell.swift */; };
		C25F4F821D99C3F5009A9830 /* ScheduleTableViewCell.swift in Sources */ = {isa = PBXBuildFile; fileRef = C25F4F811D99C3F5009A9830 /* ScheduleTableViewCell.swift */; };
		C262CA8D1C3B1C29005845AF /* EventsTableViewController.swift in Sources */ = {isa = PBXBuildFile; fileRef = C262CA8C1C3B1C29005845AF /* EventsTableViewController.swift */; };
		C264CCB41C57ECA7005CDB11 /* RecipientsTableViewController.swift in Sources */ = {isa = PBXBuildFile; fileRef = C264CCB31C57ECA7005CDB11 /* RecipientsTableViewController.swift */; };
		C267F9221D9DD02E00E524E9 /* SITableViewCell.swift in Sources */ = {isa = PBXBuildFile; fileRef = C267F9211D9DD02E00E524E9 /* SITableViewCell.swift */; };
		C26DC9021C59785700BB4DDA /* ExhibitorTableViewController.swift in Sources */ = {isa = PBXBuildFile; fileRef = C26DC9011C59785700BB4DDA /* ExhibitorTableViewController.swift */; };
		C26DC9061C59841700BB4DDA /* MapViewController.swift in Sources */ = {isa = PBXBuildFile; fileRef = C26DC9051C59841700BB4DDA /* MapViewController.swift */; };
		C28B67E91C3F0BD700AC9193 /* EventData.swift in Sources */ = {isa = PBXBuildFile; fileRef = C28B67E81C3F0BD700AC9193 /* EventData.swift */; };
		C28B67F31C406BDE00AC9193 /* EventMenuViewController.swift in Sources */ = {isa = PBXBuildFile; fileRef = C28B67F21C406BDE00AC9193 /* EventMenuViewController.swift */; };
		C29162641D9B09C70009C862 /* SpeakerTableViewCell.swift in Sources */ = {isa = PBXBuildFile; fileRef = C29162631D9B09C70009C862 /* SpeakerTableViewCell.swift */; };
		C2986DC01C640DE900ADCF40 /* MapKit.framework in Frameworks */ = {isa = PBXBuildFile; fileRef = C2986DBF1C640DE900ADCF40 /* MapKit.framework */; };
		C2986DC41C65136600ADCF40 /* ShingoModelViewController.swift in Sources */ = {isa = PBXBuildFile; fileRef = C2986DC31C65136600ADCF40 /* ShingoModelViewController.swift */; };
		C2A695111C35AC2900F6E0B8 /* AppDelegate.swift in Sources */ = {isa = PBXBuildFile; fileRef = C2A695081C35AC2900F6E0B8 /* AppDelegate.swift */; };
		C2B155111D626BE00099330F /* ExhibitorTableViewCell.swift in Sources */ = {isa = PBXBuildFile; fileRef = C2B155101D626BE00099330F /* ExhibitorTableViewCell.swift */; };
		C2B7EB401C7B813100162AFB /* ContactUsViewController.swift in Sources */ = {isa = PBXBuildFile; fileRef = C2B7EB3F1C7B813100162AFB /* ContactUsViewController.swift */; };
		C2B7EB421C7CD89900162AFB /* BugReportViewController.swift in Sources */ = {isa = PBXBuildFile; fileRef = C2B7EB411C7CD89900162AFB /* BugReportViewController.swift */; };
		C2C021231C6272D3008732DC /* SponsorsTableViewController.swift in Sources */ = {isa = PBXBuildFile; fileRef = C2C021221C6272D3008732DC /* SponsorsTableViewController.swift */; };
		C2CFC3041C4576D00036E485 /* SupportTableViewController.swift in Sources */ = {isa = PBXBuildFile; fileRef = C2CFC3031C4576D00036E485 /* SupportTableViewController.swift */; };
		C2CFC3101C481EAB0036E485 /* TopViewController.swift in Sources */ = {isa = PBXBuildFile; fileRef = C2CFC30F1C481EAB0036E485 /* TopViewController.swift */; };
		C2CFC3141C483C1C0036E485 /* SchedulesTableViewController.swift in Sources */ = {isa = PBXBuildFile; fileRef = C2CFC3131C483C1C0036E485 /* SchedulesTableViewController.swift */; };
		C2CFC3181C4954C20036E485 /* Main.storyboard in Resources */ = {isa = PBXBuildFile; fileRef = C2CFC3171C4954C20036E485 /* Main.storyboard */; };
		C2E9508D1D1C83F500178C03 /* SharedCode.swift in Sources */ = {isa = PBXBuildFile; fileRef = C2E9508C1D1C83F500178C03 /* SharedCode.swift */; };
		C2E9508F1D22E8F100178C03 /* APIRequests.swift in Sources */ = {isa = PBXBuildFile; fileRef = C2E9508E1D22E8F100178C03 /* APIRequests.swift */; };
		C2F17FA81C6AAFCF0028062C /* Assets.xcassets in Resources */ = {isa = PBXBuildFile; fileRef = C2F17FA71C6AAFCF0028062C /* Assets.xcassets */; };
		C2FF6B1E1CB2E2CF00331ED2 /* VenueMapsCollectionView.swift in Sources */ = {isa = PBXBuildFile; fileRef = C2FF6B1D1CB2E2CF00331ED2 /* VenueMapsCollectionView.swift */; };
		C2FF6B221CB2E43200331ED2 /* VenueMapCollectionCell.swift in Sources */ = {isa = PBXBuildFile; fileRef = C2FF6B211CB2E43200331ED2 /* VenueMapCollectionCell.swift */; };
		C2FF6B261CB4313200331ED2 /* VenueMapViewController.swift in Sources */ = {isa = PBXBuildFile; fileRef = C2FF6B251CB4313200331ED2 /* VenueMapViewController.swift */; };
		E2AA68D48C33D2B3AEF48AE9 /* Pods_Shingo_Events.framework in Frameworks */ = {isa = PBXBuildFile; fileRef = E99765DC375460FA1542A948 /* Pods_Shingo_Events.framework */; };
/* End PBXBuildFile section */

/* Begin PBXContainerItemProxy section */
		C24FF48E1D9195750061B3E2 /* PBXContainerItemProxy */ = {
			isa = PBXContainerItemProxy;
			containerPortal = C22AB2861C2484E800A7F3B1 /* Project object */;
			proxyType = 1;
			remoteGlobalIDString = C22AB28D1C2484E800A7F3B1;
			remoteInfo = "Shingo Events";
		};
/* End PBXContainerItemProxy section */

/* Begin PBXFileReference section */
		0D9E3C660688E2372B0D1FD4 /* Pods-Shingo Events.release.xcconfig */ = {isa = PBXFileReference; includeInIndex = 1; lastKnownFileType = text.xcconfig; name = "Pods-Shingo Events.release.xcconfig"; path = "Pods/Target Support Files/Pods-Shingo Events/Pods-Shingo Events.release.xcconfig"; sourceTree = "<group>"; };
		7EC5F842FB1C431B1896102C /* Pods-Shingo Events.debug.xcconfig */ = {isa = PBXFileReference; includeInIndex = 1; lastKnownFileType = text.xcconfig; name = "Pods-Shingo Events.debug.xcconfig"; path = "Pods/Target Support Files/Pods-Shingo Events/Pods-Shingo Events.debug.xcconfig"; sourceTree = "<group>"; };
		C2130BD71C987650009B3BB8 /* ActivityView.swift */ = {isa = PBXFileReference; fileEncoding = 4; lastKnownFileType = sourcecode.swift; path = ActivityView.swift; sourceTree = "<group>"; };
		C21ECE271C5FB21500689FDE /* AffiliateListTableViewController.swift */ = {isa = PBXFileReference; fileEncoding = 4; lastKnownFileType = sourcecode.swift; path = AffiliateListTableViewController.swift; sourceTree = "<group>"; };
		C224C8971C92138700F4E393 /* AboutPageViewController.swift */ = {isa = PBXFileReference; fileEncoding = 4; lastKnownFileType = sourcecode.swift; path = AboutPageViewController.swift; sourceTree = "<group>"; };
		C224CDFB1CB6CA42003147F0 /* RecipientTableViewCell.swift */ = {isa = PBXFileReference; fileEncoding = 4; lastKnownFileType = sourcecode.swift; path = RecipientTableViewCell.swift; sourceTree = "<group>"; };
		C22668061D9D5D1500E5F062 /* TestCode.swift */ = {isa = PBXFileReference; fileEncoding = 4; lastKnownFileType = sourcecode.swift; name = TestCode.swift; path = ShingoEventsTests/TestCode.swift; sourceTree = SOURCE_ROOT; };
		C22668091D9D707500E5F062 /* AffiliateTableViewCell.swift */ = {isa = PBXFileReference; fileEncoding = 4; lastKnownFileType = sourcecode.swift; path = AffiliateTableViewCell.swift; sourceTree = "<group>"; };
		C22AB28E1C2484E800A7F3B1 /* Shingo Events.app */ = {isa = PBXFileReference; explicitFileType = wrapper.application; includeInIndex = 0; path = "Shingo Events.app"; sourceTree = BUILT_PRODUCTS_DIR; };
		C234BD551C5293CF002E9814 /* SpeakerListTableViewController.swift */ = {isa = PBXFileReference; fileEncoding = 4; lastKnownFileType = sourcecode.swift; path = SpeakerListTableViewController.swift; sourceTree = "<group>"; };
		C2494E271C89FBFE00E2969D /* Reachability.swift */ = {isa = PBXFileReference; fileEncoding = 4; lastKnownFileType = sourcecode.swift; path = Reachability.swift; sourceTree = "<group>"; };
		C24FF47A1D91901E0061B3E2 /* ShingoEventsTests.swift */ = {isa = PBXFileReference; lastKnownFileType = sourcecode.swift; path = ShingoEventsTests.swift; sourceTree = "<group>"; };
		C24FF47C1D91901E0061B3E2 /* Info.plist */ = {isa = PBXFileReference; lastKnownFileType = text.plist.xml; path = Info.plist; sourceTree = "<group>"; };
		C24FF4891D9195740061B3E2 /* ShingoEventsTests.xctest */ = {isa = PBXFileReference; explicitFileType = wrapper.cfbundle; includeInIndex = 0; path = ShingoEventsTests.xctest; sourceTree = BUILT_PRODUCTS_DIR; };
		C24FF48B1D9195750061B3E2 /* ShingoEventsTests.swift */ = {isa = PBXFileReference; lastKnownFileType = sourcecode.swift; path = ShingoEventsTests.swift; sourceTree = "<group>"; };
		C24FF48D1D9195750061B3E2 /* Info.plist */ = {isa = PBXFileReference; lastKnownFileType = text.plist.xml; path = Info.plist; sourceTree = "<group>"; };
		C25F4F7F1D95E9E8009A9830 /* EventTableViewCell.swift */ = {isa = PBXFileReference; fileEncoding = 4; lastKnownFileType = sourcecode.swift; path = EventTableViewCell.swift; sourceTree = "<group>"; };
		C25F4F811D99C3F5009A9830 /* ScheduleTableViewCell.swift */ = {isa = PBXFileReference; fileEncoding = 4; lastKnownFileType = sourcecode.swift; path = ScheduleTableViewCell.swift; sourceTree = "<group>"; };
		C262CA8C1C3B1C29005845AF /* EventsTableViewController.swift */ = {isa = PBXFileReference; fileEncoding = 4; lastKnownFileType = sourcecode.swift; path = EventsTableViewController.swift; sourceTree = "<group>"; };
		C264CCB31C57ECA7005CDB11 /* RecipientsTableViewController.swift */ = {isa = PBXFileReference; fileEncoding = 4; lastKnownFileType = sourcecode.swift; path = RecipientsTableViewController.swift; sourceTree = "<group>"; };
		C267F9211D9DD02E00E524E9 /* SITableViewCell.swift */ = {isa = PBXFileReference; fileEncoding = 4; lastKnownFileType = sourcecode.swift; path = SITableViewCell.swift; sourceTree = "<group>"; };
		C26DC9011C59785700BB4DDA /* ExhibitorTableViewController.swift */ = {isa = PBXFileReference; fileEncoding = 4; lastKnownFileType = sourcecode.swift; path = ExhibitorTableViewController.swift; sourceTree = "<group>"; };
		C26DC9051C59841700BB4DDA /* MapViewController.swift */ = {isa = PBXFileReference; fileEncoding = 4; lastKnownFileType = sourcecode.swift; path = MapViewController.swift; sourceTree = "<group>"; };
		C28B67E81C3F0BD700AC9193 /* EventData.swift */ = {isa = PBXFileReference; fileEncoding = 4; lastKnownFileType = sourcecode.swift; path = EventData.swift; sourceTree = "<group>"; };
		C28B67F21C406BDE00AC9193 /* EventMenuViewController.swift */ = {isa = PBXFileReference; fileEncoding = 4; lastKnownFileType = sourcecode.swift; path = EventMenuViewController.swift; sourceTree = "<group>"; };
		C29162631D9B09C70009C862 /* SpeakerTableViewCell.swift */ = {isa = PBXFileReference; fileEncoding = 4; lastKnownFileType = sourcecode.swift; path = SpeakerTableViewCell.swift; sourceTree = "<group>"; };
		C2986DBF1C640DE900ADCF40 /* MapKit.framework */ = {isa = PBXFileReference; lastKnownFileType = wrapper.framework; name = MapKit.framework; path = System/Library/Frameworks/MapKit.framework; sourceTree = SDKROOT; };
		C2986DC31C65136600ADCF40 /* ShingoModelViewController.swift */ = {isa = PBXFileReference; fileEncoding = 4; lastKnownFileType = sourcecode.swift; path = ShingoModelViewController.swift; sourceTree = "<group>"; };
		C2A695081C35AC2900F6E0B8 /* AppDelegate.swift */ = {isa = PBXFileReference; fileEncoding = 4; lastKnownFileType = sourcecode.swift; path = AppDelegate.swift; sourceTree = "<group>"; };
		C2A6950C1C35AC2900F6E0B8 /* Info.plist */ = {isa = PBXFileReference; fileEncoding = 4; lastKnownFileType = text.plist.xml; path = Info.plist; sourceTree = "<group>"; };
		C2B155101D626BE00099330F /* ExhibitorTableViewCell.swift */ = {isa = PBXFileReference; fileEncoding = 4; lastKnownFileType = sourcecode.swift; path = ExhibitorTableViewCell.swift; sourceTree = "<group>"; };
		C2B7EB3F1C7B813100162AFB /* ContactUsViewController.swift */ = {isa = PBXFileReference; fileEncoding = 4; lastKnownFileType = sourcecode.swift; path = ContactUsViewController.swift; sourceTree = "<group>"; };
		C2B7EB411C7CD89900162AFB /* BugReportViewController.swift */ = {isa = PBXFileReference; fileEncoding = 4; lastKnownFileType = sourcecode.swift; path = BugReportViewController.swift; sourceTree = "<group>"; };
		C2C021221C6272D3008732DC /* SponsorsTableViewController.swift */ = {isa = PBXFileReference; fileEncoding = 4; lastKnownFileType = sourcecode.swift; path = SponsorsTableViewController.swift; sourceTree = "<group>"; };
		C2CFC3031C4576D00036E485 /* SupportTableViewController.swift */ = {isa = PBXFileReference; fileEncoding = 4; lastKnownFileType = sourcecode.swift; path = SupportTableViewController.swift; sourceTree = "<group>"; };
		C2CFC30F1C481EAB0036E485 /* TopViewController.swift */ = {isa = PBXFileReference; fileEncoding = 4; lastKnownFileType = sourcecode.swift; path = TopViewController.swift; sourceTree = "<group>"; };
		C2CFC3131C483C1C0036E485 /* SchedulesTableViewController.swift */ = {isa = PBXFileReference; fileEncoding = 4; lastKnownFileType = sourcecode.swift; path = SchedulesTableViewController.swift; sourceTree = "<group>"; };
		C2CFC3171C4954C20036E485 /* Main.storyboard */ = {isa = PBXFileReference; fileEncoding = 4; lastKnownFileType = file.storyboard; path = Main.storyboard; sourceTree = "<group>"; };
		C2E9508C1D1C83F500178C03 /* SharedCode.swift */ = {isa = PBXFileReference; fileEncoding = 4; lastKnownFileType = sourcecode.swift; path = SharedCode.swift; sourceTree = "<group>"; };
		C2E9508E1D22E8F100178C03 /* APIRequests.swift */ = {isa = PBXFileReference; fileEncoding = 4; lastKnownFileType = sourcecode.swift; path = APIRequests.swift; sourceTree = "<group>"; };
		C2F17F661C655DAA0028062C /* Bridging-Header.h */ = {isa = PBXFileReference; fileEncoding = 4; lastKnownFileType = sourcecode.c.h; path = "Bridging-Header.h"; sourceTree = "<group>"; };
		C2F17FA71C6AAFCF0028062C /* Assets.xcassets */ = {isa = PBXFileReference; lastKnownFileType = folder.assetcatalog; path = Assets.xcassets; sourceTree = "<group>"; };
		C2FF6B1D1CB2E2CF00331ED2 /* VenueMapsCollectionView.swift */ = {isa = PBXFileReference; fileEncoding = 4; lastKnownFileType = sourcecode.swift; path = VenueMapsCollectionView.swift; sourceTree = "<group>"; };
		C2FF6B211CB2E43200331ED2 /* VenueMapCollectionCell.swift */ = {isa = PBXFileReference; fileEncoding = 4; lastKnownFileType = sourcecode.swift; path = VenueMapCollectionCell.swift; sourceTree = "<group>"; };
		C2FF6B251CB4313200331ED2 /* VenueMapViewController.swift */ = {isa = PBXFileReference; fileEncoding = 4; lastKnownFileType = sourcecode.swift; path = VenueMapViewController.swift; sourceTree = "<group>"; };
		E99765DC375460FA1542A948 /* Pods_Shingo_Events.framework */ = {isa = PBXFileReference; explicitFileType = wrapper.framework; includeInIndex = 0; path = Pods_Shingo_Events.framework; sourceTree = BUILT_PRODUCTS_DIR; };
/* End PBXFileReference section */

/* Begin PBXFrameworksBuildPhase section */
		C22AB28B1C2484E800A7F3B1 /* Frameworks */ = {
			isa = PBXFrameworksBuildPhase;
			buildActionMask = 2147483647;
			files = (
				C2986DC01C640DE900ADCF40 /* MapKit.framework in Frameworks */,
				E2AA68D48C33D2B3AEF48AE9 /* Pods_Shingo_Events.framework in Frameworks */,
			);
			runOnlyForDeploymentPostprocessing = 0;
		};
		C24FF4861D9195740061B3E2 /* Frameworks */ = {
			isa = PBXFrameworksBuildPhase;
			buildActionMask = 2147483647;
			files = (
			);
			runOnlyForDeploymentPostprocessing = 0;
		};
/* End PBXFrameworksBuildPhase section */

/* Begin PBXGroup section */
		5DB25D0538898A8E281EE0AD /* Pods */ = {
			isa = PBXGroup;
			children = (
				7EC5F842FB1C431B1896102C /* Pods-Shingo Events.debug.xcconfig */,
				0D9E3C660688E2372B0D1FD4 /* Pods-Shingo Events.release.xcconfig */,
			);
			name = Pods;
			sourceTree = "<group>";
		};
		C224CDF71CB6C960003147F0 /* src */ = {
			isa = PBXGroup;
			children = (
				C24FF4721D918DE10061B3E2 /* helpers */,
				C2F17F661C655DAA0028062C /* Bridging-Header.h */,
				C2A695081C35AC2900F6E0B8 /* AppDelegate.swift */,
				C2E9508E1D22E8F100178C03 /* APIRequests.swift */,
				C28B67E81C3F0BD700AC9193 /* EventData.swift */,
				C24FF46E1D918D1A0061B3E2 /* view controllers */,
				C267F9211D9DD02E00E524E9 /* SITableViewCell.swift */,
			);
			name = src;
			sourceTree = "<group>";
		};
		C224CDF81CB6C9C8003147F0 /* schedule */ = {
			isa = PBXGroup;
			children = (
				C2CFC3131C483C1C0036E485 /* SchedulesTableViewController.swift */,
				C25F4F811D99C3F5009A9830 /* ScheduleTableViewCell.swift */,
			);
			name = schedule;
			sourceTree = "<group>";
		};
		C224CDF91CB6C9DF003147F0 /* recipients */ = {
			isa = PBXGroup;
			children = (
				C264CCB31C57ECA7005CDB11 /* RecipientsTableViewController.swift */,
				C224CDFB1CB6CA42003147F0 /* RecipientTableViewCell.swift */,
			);
			name = recipients;
			sourceTree = "<group>";
		};
		C22AB2851C2484E800A7F3B1 = {
			isa = PBXGroup;
			children = (
				C22AB2901C2484E800A7F3B1 /* ShingoEvents */,
				C24FF4791D91901E0061B3E2 /* ShingoEventsTests */,
				C24FF48A1D9195750061B3E2 /* ShingoEventsTests */,
				C22AB28F1C2484E800A7F3B1 /* Products */,
				CB0A5FDCC55BAF34E0CAECA2 /* Frameworks */,
				5DB25D0538898A8E281EE0AD /* Pods */,
			);
			sourceTree = "<group>";
		};
		C22AB28F1C2484E800A7F3B1 /* Products */ = {
			isa = PBXGroup;
			children = (
				C22AB28E1C2484E800A7F3B1 /* Shingo Events.app */,
				C24FF4891D9195740061B3E2 /* ShingoEventsTests.xctest */,
			);
			name = Products;
			sourceTree = "<group>";
		};
		C22AB2901C2484E800A7F3B1 /* ShingoEvents */ = {
			isa = PBXGroup;
			children = (
				C24FF4731D918E200061B3E2 /* resources */,
				C224CDF71CB6C960003147F0 /* src */,
			);
			path = ShingoEvents;
			sourceTree = "<group>";
		};
		C24FF46E1D918D1A0061B3E2 /* view controllers */ = {
			isa = PBXGroup;
			children = (
				C2CFC30F1C481EAB0036E485 /* TopViewController.swift */,
				C262CA8C1C3B1C29005845AF /* EventsTableViewController.swift */,
				C25F4F7F1D95E9E8009A9830 /* EventTableViewCell.swift */,
				C28B67F21C406BDE00AC9193 /* EventMenuViewController.swift */,
				C24FF4701D918D950061B3E2 /* affiliates */,
				C24FF46F1D918D870061B3E2 /* exhibitors */,
				C224CDF91CB6C9DF003147F0 /* recipients */,
				C224CDF81CB6C9C8003147F0 /* schedule */,
				C24FF4BF1D91D66D0061B3E2 /* speakers */,
				C24FF4711D918DA00061B3E2 /* sponsors */,
				C2FF6B241CB2E52400331ED2 /* support */,
				C2FF6B201CB2E3E700331ED2 /* venue maps */,
			);
			name = "view controllers";
			sourceTree = "<group>";
		};
		C24FF46F1D918D870061B3E2 /* exhibitors */ = {
			isa = PBXGroup;
			children = (
				C26DC9011C59785700BB4DDA /* ExhibitorTableViewController.swift */,
				C2B155101D626BE00099330F /* ExhibitorTableViewCell.swift */,
			);
			name = exhibitors;
			sourceTree = "<group>";
		};
		C24FF4701D918D950061B3E2 /* affiliates */ = {
			isa = PBXGroup;
			children = (
				C21ECE271C5FB21500689FDE /* AffiliateListTableViewController.swift */,
				C22668091D9D707500E5F062 /* AffiliateTableViewCell.swift */,
			);
			name = affiliates;
			sourceTree = "<group>";
		};
		C24FF4711D918DA00061B3E2 /* sponsors */ = {
			isa = PBXGroup;
			children = (
				C2C021221C6272D3008732DC /* SponsorsTableViewController.swift */,
			);
			name = sponsors;
			sourceTree = "<group>";
		};
		C24FF4721D918DE10061B3E2 /* helpers */ = {
			isa = PBXGroup;
			children = (
				C2E9508C1D1C83F500178C03 /* SharedCode.swift */,
				C2130BD71C987650009B3BB8 /* ActivityView.swift */,
				C2494E271C89FBFE00E2969D /* Reachability.swift */,
			);
			name = helpers;
			sourceTree = "<group>";
		};
		C24FF4731D918E200061B3E2 /* resources */ = {
			isa = PBXGroup;
			children = (
				C22668061D9D5D1500E5F062 /* TestCode.swift */,
				C2A6950C1C35AC2900F6E0B8 /* Info.plist */,
				C2F17FA71C6AAFCF0028062C /* Assets.xcassets */,
				C2CFC3171C4954C20036E485 /* Main.storyboard */,
			);
			name = resources;
			sourceTree = "<group>";
		};
		C24FF4791D91901E0061B3E2 /* ShingoEventsTests */ = {
			isa = PBXGroup;
			children = (
				C24FF47A1D91901E0061B3E2 /* ShingoEventsTests.swift */,
				C24FF47C1D91901E0061B3E2 /* Info.plist */,
			);
			path = ShingoEventsTests;
			sourceTree = "<group>";
		};
		C24FF48A1D9195750061B3E2 /* ShingoEventsTests */ = {
			isa = PBXGroup;
			children = (
				C24FF48B1D9195750061B3E2 /* ShingoEventsTests.swift */,
				C24FF48D1D9195750061B3E2 /* Info.plist */,
			);
			path = ShingoEventsTests;
			sourceTree = "<group>";
		};
		C24FF4BF1D91D66D0061B3E2 /* speakers */ = {
			isa = PBXGroup;
			children = (
				C234BD551C5293CF002E9814 /* SpeakerListTableViewController.swift */,
				C29162631D9B09C70009C862 /* SpeakerTableViewCell.swift */,
			);
			name = speakers;
			sourceTree = "<group>";
		};
		C2FF6B201CB2E3E700331ED2 /* venue maps */ = {
			isa = PBXGroup;
			children = (
				C26DC9051C59841700BB4DDA /* MapViewController.swift */,
				C2FF6B1D1CB2E2CF00331ED2 /* VenueMapsCollectionView.swift */,
				C2FF6B211CB2E43200331ED2 /* VenueMapCollectionCell.swift */,
				C2FF6B251CB4313200331ED2 /* VenueMapViewController.swift */,
			);
			name = "venue maps";
			sourceTree = "<group>";
		};
		C2FF6B241CB2E52400331ED2 /* support */ = {
			isa = PBXGroup;
			children = (
				C2986DC31C65136600ADCF40 /* ShingoModelViewController.swift */,
				C2CFC3031C4576D00036E485 /* SupportTableViewController.swift */,
				C2B7EB411C7CD89900162AFB /* BugReportViewController.swift */,
				C2B7EB3F1C7B813100162AFB /* ContactUsViewController.swift */,
				C224C8971C92138700F4E393 /* AboutPageViewController.swift */,
			);
			name = support;
			sourceTree = "<group>";
		};
		CB0A5FDCC55BAF34E0CAECA2 /* Frameworks */ = {
			isa = PBXGroup;
			children = (
				C2986DBF1C640DE900ADCF40 /* MapKit.framework */,
				E99765DC375460FA1542A948 /* Pods_Shingo_Events.framework */,
			);
			name = Frameworks;
			sourceTree = "<group>";
		};
/* End PBXGroup section */

/* Begin PBXNativeTarget section */
		C22AB28D1C2484E800A7F3B1 /* Shingo Events */ = {
			isa = PBXNativeTarget;
			buildConfigurationList = C22AB2B61C2484E900A7F3B1 /* Build configuration list for PBXNativeTarget "Shingo Events" */;
			buildPhases = (
				A98C608A068077251EA07068 /* [CP] Check Pods Manifest.lock */,
				C22AB28A1C2484E800A7F3B1 /* Sources */,
				C22AB28B1C2484E800A7F3B1 /* Frameworks */,
				C22AB28C1C2484E800A7F3B1 /* Resources */,
				C2986DC51C65210C00ADCF40 /* ShellScript */,
				12E39CD01733FCE610D4516F /* [CP] Embed Pods Frameworks */,
				16E7CE78E15A4D2E17B8EEA0 /* [CP] Copy Pods Resources */,
			);
			buildRules = (
			);
			dependencies = (
			);
			name = "Shingo Events";
			productName = SimpleBrowser;
			productReference = C22AB28E1C2484E800A7F3B1 /* Shingo Events.app */;
			productType = "com.apple.product-type.application";
		};
		C24FF4881D9195740061B3E2 /* ShingoEventsTests */ = {
			isa = PBXNativeTarget;
			buildConfigurationList = C24FF4901D9195750061B3E2 /* Build configuration list for PBXNativeTarget "ShingoEventsTests" */;
			buildPhases = (
				C24FF4851D9195740061B3E2 /* Sources */,
				C24FF4861D9195740061B3E2 /* Frameworks */,
				C24FF4871D9195740061B3E2 /* Resources */,
			);
			buildRules = (
			);
			dependencies = (
				C24FF48F1D9195750061B3E2 /* PBXTargetDependency */,
			);
			name = ShingoEventsTests;
			productName = ShingoEventsTests;
			productReference = C24FF4891D9195740061B3E2 /* ShingoEventsTests.xctest */;
			productType = "com.apple.product-type.bundle.unit-test";
		};
/* End PBXNativeTarget section */

/* Begin PBXProject section */
		C22AB2861C2484E800A7F3B1 /* Project object */ = {
			isa = PBXProject;
			attributes = {
				LastSwiftUpdateCheck = 0800;
				LastUpgradeCheck = 0800;
				ORGANIZATIONNAME = "Shingo Institute";
				TargetAttributes = {
					C22AB28D1C2484E800A7F3B1 = {
						CreatedOnToolsVersion = 7.2;
						DevelopmentTeam = XQL9FCF56P;
						LastSwiftMigration = 0800;
					};
					C24FF4881D9195740061B3E2 = {
						CreatedOnToolsVersion = 8.0;
						DevelopmentTeam = XQL9FCF56P;
						ProvisioningStyle = Automatic;
						TestTargetID = C22AB28D1C2484E800A7F3B1;
					};
				};
			};
			buildConfigurationList = C22AB2891C2484E800A7F3B1 /* Build configuration list for PBXProject "Shingo Events" */;
			compatibilityVersion = "Xcode 3.2";
			developmentRegion = English;
			hasScannedForEncodings = 0;
			knownRegions = (
				en,
				Base,
			);
			mainGroup = C22AB2851C2484E800A7F3B1;
			productRefGroup = C22AB28F1C2484E800A7F3B1 /* Products */;
			projectDirPath = "";
			projectRoot = "";
			targets = (
				C22AB28D1C2484E800A7F3B1 /* Shingo Events */,
				C24FF4881D9195740061B3E2 /* ShingoEventsTests */,
			);
		};
/* End PBXProject section */

/* Begin PBXResourcesBuildPhase section */
		C22AB28C1C2484E800A7F3B1 /* Resources */ = {
			isa = PBXResourcesBuildPhase;
			buildActionMask = 2147483647;
			files = (
				C2CFC3181C4954C20036E485 /* Main.storyboard in Resources */,
				C2F17FA81C6AAFCF0028062C /* Assets.xcassets in Resources */,
			);
			runOnlyForDeploymentPostprocessing = 0;
		};
		C24FF4871D9195740061B3E2 /* Resources */ = {
			isa = PBXResourcesBuildPhase;
			buildActionMask = 2147483647;
			files = (
			);
			runOnlyForDeploymentPostprocessing = 0;
		};
/* End PBXResourcesBuildPhase section */

/* Begin PBXShellScriptBuildPhase section */
		12E39CD01733FCE610D4516F /* [CP] Embed Pods Frameworks */ = {
			isa = PBXShellScriptBuildPhase;
			buildActionMask = 2147483647;
			files = (
			);
			inputPaths = (
			);
			name = "[CP] Embed Pods Frameworks";
			outputPaths = (
			);
			runOnlyForDeploymentPostprocessing = 0;
			shellPath = /bin/sh;
			shellScript = "\"${SRCROOT}/Pods/Target Support Files/Pods-Shingo Events/Pods-Shingo Events-frameworks.sh\"\n";
			showEnvVarsInLog = 0;
		};
		16E7CE78E15A4D2E17B8EEA0 /* [CP] Copy Pods Resources */ = {
			isa = PBXShellScriptBuildPhase;
			buildActionMask = 2147483647;
			files = (
			);
			inputPaths = (
			);
			name = "[CP] Copy Pods Resources";
			outputPaths = (
			);
			runOnlyForDeploymentPostprocessing = 0;
			shellPath = /bin/sh;
			shellScript = "\"${SRCROOT}/Pods/Target Support Files/Pods-Shingo Events/Pods-Shingo Events-resources.sh\"\n";
			showEnvVarsInLog = 0;
		};
		A98C608A068077251EA07068 /* [CP] Check Pods Manifest.lock */ = {
			isa = PBXShellScriptBuildPhase;
			buildActionMask = 2147483647;
			files = (
			);
			inputPaths = (
			);
			name = "[CP] Check Pods Manifest.lock";
			outputPaths = (
			);
			runOnlyForDeploymentPostprocessing = 0;
			shellPath = /bin/sh;
			shellScript = "diff \"${PODS_ROOT}/../Podfile.lock\" \"${PODS_ROOT}/Manifest.lock\" > /dev/null\nif [[ $? != 0 ]] ; then\n    cat << EOM\nerror: The sandbox is not in sync with the Podfile.lock. Run 'pod install' or update your CocoaPods installation.\nEOM\n    exit 1\nfi\n";
			showEnvVarsInLog = 0;
		};
		C2986DC51C65210C00ADCF40 /* ShellScript */ = {
			isa = PBXShellScriptBuildPhase;
			buildActionMask = 2147483647;
			files = (
			);
			inputPaths = (
			);
			outputPaths = (
			);
			runOnlyForDeploymentPostprocessing = 0;
			shellPath = /bin/sh;
			shellScript = "\"${PODS_ROOT}/Fabric/run\" 7b270db836d504381374de50e898a9c6867f3861 2dd662d8fd61bbd5a615d488ee87ec2bf64be464102108108024761cdf55fb48";
		};
/* End PBXShellScriptBuildPhase section */

/* Begin PBXSourcesBuildPhase section */
		C22AB28A1C2484E800A7F3B1 /* Sources */ = {
			isa = PBXSourcesBuildPhase;
			buildActionMask = 2147483647;
			files = (
				C21ECE281C5FB21500689FDE /* AffiliateListTableViewController.swift in Sources */,
				C25F4F821D99C3F5009A9830 /* ScheduleTableViewCell.swift in Sources */,
				C2B7EB421C7CD89900162AFB /* BugReportViewController.swift in Sources */,
				C28B67F31C406BDE00AC9193 /* EventMenuViewController.swift in Sources */,
				C2FF6B221CB2E43200331ED2 /* VenueMapCollectionCell.swift in Sources */,
				C29162641D9B09C70009C862 /* SpeakerTableViewCell.swift in Sources */,
				C26DC9061C59841700BB4DDA /* MapViewController.swift in Sources */,
				C2E9508F1D22E8F100178C03 /* APIRequests.swift in Sources */,
				C262CA8D1C3B1C29005845AF /* EventsTableViewController.swift in Sources */,
				C2494E281C89FBFE00E2969D /* Reachability.swift in Sources */,
				C28B67E91C3F0BD700AC9193 /* EventData.swift in Sources */,
				C2CFC3101C481EAB0036E485 /* TopViewController.swift in Sources */,
				C26DC9021C59785700BB4DDA /* ExhibitorTableViewController.swift in Sources */,
				C2B155111D626BE00099330F /* ExhibitorTableViewCell.swift in Sources */,
				C2986DC41C65136600ADCF40 /* ShingoModelViewController.swift in Sources */,
				C224CDFC1CB6CA42003147F0 /* RecipientTableViewCell.swift in Sources */,
				C264CCB41C57ECA7005CDB11 /* RecipientsTableViewController.swift in Sources */,
				C2CFC3041C4576D00036E485 /* SupportTableViewController.swift in Sources */,
				C2CFC3141C483C1C0036E485 /* SchedulesTableViewController.swift in Sources */,
				C226680B1D9D710800E5F062 /* AffiliateTableViewCell.swift in Sources */,
				C2FF6B1E1CB2E2CF00331ED2 /* VenueMapsCollectionView.swift in Sources */,
				C22668081D9D620900E5F062 /* TestCode.swift in Sources */,
				C234BD561C5293CF002E9814 /* SpeakerListTableViewController.swift in Sources */,
				C2B7EB401C7B813100162AFB /* ContactUsViewController.swift in Sources */,
				C25F4F801D95E9E8009A9830 /* EventTableViewCell.swift in Sources */,
				C2FF6B261CB4313200331ED2 /* VenueMapViewController.swift in Sources */,
				C267F9221D9DD02E00E524E9 /* SITableViewCell.swift in Sources */,
				C224C8981C92138700F4E393 /* AboutPageViewController.swift in Sources */,
				C2130BD81C987650009B3BB8 /* ActivityView.swift in Sources */,
				C2A695111C35AC2900F6E0B8 /* AppDelegate.swift in Sources */,
				C2C021231C6272D3008732DC /* SponsorsTableViewController.swift in Sources */,
				C2E9508D1D1C83F500178C03 /* SharedCode.swift in Sources */,
			);
			runOnlyForDeploymentPostprocessing = 0;
		};
		C24FF4851D9195740061B3E2 /* Sources */ = {
			isa = PBXSourcesBuildPhase;
			buildActionMask = 2147483647;
			files = (
				C24FF48C1D9195750061B3E2 /* ShingoEventsTests.swift in Sources */,
			);
			runOnlyForDeploymentPostprocessing = 0;
		};
/* End PBXSourcesBuildPhase section */

/* Begin PBXTargetDependency section */
		C24FF48F1D9195750061B3E2 /* PBXTargetDependency */ = {
			isa = PBXTargetDependency;
			target = C22AB28D1C2484E800A7F3B1 /* Shingo Events */;
			targetProxy = C24FF48E1D9195750061B3E2 /* PBXContainerItemProxy */;
		};
/* End PBXTargetDependency section */

/* Begin XCBuildConfiguration section */
		C22AB2B41C2484E900A7F3B1 /* Debug */ = {
			isa = XCBuildConfiguration;
			buildSettings = {
				ALWAYS_EMBED_SWIFT_STANDARD_LIBRARIES = YES;
				ALWAYS_SEARCH_USER_PATHS = NO;
				CLANG_CXX_LANGUAGE_STANDARD = "gnu++0x";
				CLANG_CXX_LIBRARY = "libc++";
				CLANG_ENABLE_MODULES = YES;
				CLANG_ENABLE_OBJC_ARC = YES;
				CLANG_WARN_BOOL_CONVERSION = YES;
				CLANG_WARN_CONSTANT_CONVERSION = YES;
				CLANG_WARN_DIRECT_OBJC_ISA_USAGE = YES_ERROR;
				CLANG_WARN_EMPTY_BODY = YES;
				CLANG_WARN_ENUM_CONVERSION = YES;
				CLANG_WARN_INFINITE_RECURSION = YES;
				CLANG_WARN_INT_CONVERSION = YES;
				CLANG_WARN_OBJC_ROOT_CLASS = YES_ERROR;
				CLANG_WARN_SUSPICIOUS_MOVE = YES;
				CLANG_WARN_UNREACHABLE_CODE = YES;
				CLANG_WARN__DUPLICATE_METHOD_MATCH = YES;
				"CODE_SIGN_IDENTITY[sdk=iphoneos*]" = "iPhone Developer";
				COPY_PHASE_STRIP = NO;
				DEBUG_INFORMATION_FORMAT = dwarf;
				EMBED_ASSET_PACKS_IN_PRODUCT_BUNDLE = NO;
				ENABLE_STRICT_OBJC_MSGSEND = YES;
				ENABLE_TESTABILITY = YES;
				GCC_C_LANGUAGE_STANDARD = gnu99;
				GCC_DYNAMIC_NO_PIC = NO;
				GCC_NO_COMMON_BLOCKS = YES;
				GCC_OPTIMIZATION_LEVEL = 0;
				GCC_PREPROCESSOR_DEFINITIONS = (
					"DEBUG=1",
					"$(inherited)",
				);
				GCC_WARN_64_TO_32_BIT_CONVERSION = YES;
				GCC_WARN_ABOUT_RETURN_TYPE = YES_ERROR;
				GCC_WARN_UNDECLARED_SELECTOR = YES;
				GCC_WARN_UNINITIALIZED_AUTOS = YES_AGGRESSIVE;
				GCC_WARN_UNUSED_FUNCTION = YES;
				GCC_WARN_UNUSED_VARIABLE = YES;
				IPHONEOS_DEPLOYMENT_TARGET = 9.2;
				MTL_ENABLE_DEBUG_INFO = YES;
				ONLY_ACTIVE_ARCH = YES;
				SDKROOT = iphoneos;
				SWIFT_ACTIVE_COMPILATION_CONDITIONS = "-D DEBUG";
				SWIFT_OPTIMIZATION_LEVEL = "-Onone";
				SWIFT_VERSION = 3.0;
				TARGETED_DEVICE_FAMILY = "1,2";
				VALID_ARCHS = "arm64 armv7 armv7s i386 x86_64";
			};
			name = Debug;
		};
		C22AB2B51C2484E900A7F3B1 /* Release */ = {
			isa = XCBuildConfiguration;
			buildSettings = {
				ALWAYS_EMBED_SWIFT_STANDARD_LIBRARIES = YES;
				ALWAYS_SEARCH_USER_PATHS = NO;
				CLANG_CXX_LANGUAGE_STANDARD = "gnu++0x";
				CLANG_CXX_LIBRARY = "libc++";
				CLANG_ENABLE_MODULES = YES;
				CLANG_ENABLE_OBJC_ARC = YES;
				CLANG_WARN_BOOL_CONVERSION = YES;
				CLANG_WARN_CONSTANT_CONVERSION = YES;
				CLANG_WARN_DIRECT_OBJC_ISA_USAGE = YES_ERROR;
				CLANG_WARN_EMPTY_BODY = YES;
				CLANG_WARN_ENUM_CONVERSION = YES;
				CLANG_WARN_INFINITE_RECURSION = YES;
				CLANG_WARN_INT_CONVERSION = YES;
				CLANG_WARN_OBJC_ROOT_CLASS = YES_ERROR;
				CLANG_WARN_SUSPICIOUS_MOVE = YES;
				CLANG_WARN_UNREACHABLE_CODE = YES;
				CLANG_WARN__DUPLICATE_METHOD_MATCH = YES;
				"CODE_SIGN_IDENTITY[sdk=iphoneos*]" = "iPhone Developer";
				COPY_PHASE_STRIP = NO;
				DEBUG_INFORMATION_FORMAT = "dwarf-with-dsym";
				EMBED_ASSET_PACKS_IN_PRODUCT_BUNDLE = NO;
				ENABLE_NS_ASSERTIONS = NO;
				ENABLE_STRICT_OBJC_MSGSEND = YES;
				GCC_C_LANGUAGE_STANDARD = gnu99;
				GCC_NO_COMMON_BLOCKS = YES;
				GCC_WARN_64_TO_32_BIT_CONVERSION = YES;
				GCC_WARN_ABOUT_RETURN_TYPE = YES_ERROR;
				GCC_WARN_UNDECLARED_SELECTOR = YES;
				GCC_WARN_UNINITIALIZED_AUTOS = YES_AGGRESSIVE;
				GCC_WARN_UNUSED_FUNCTION = YES;
				GCC_WARN_UNUSED_VARIABLE = YES;
				IPHONEOS_DEPLOYMENT_TARGET = 9.2;
				MTL_ENABLE_DEBUG_INFO = NO;
				ONLY_ACTIVE_ARCH = NO;
				SDKROOT = iphoneos;
				SWIFT_ACTIVE_COMPILATION_CONDITIONS = "";
				SWIFT_OPTIMIZATION_LEVEL = "-Owholemodule";
				SWIFT_VERSION = 3.0;
				TARGETED_DEVICE_FAMILY = "1,2";
				VALIDATE_PRODUCT = YES;
				VALID_ARCHS = "arm64 armv7 armv7s i386 x86_64";
			};
			name = Release;
		};
		C22AB2B71C2484E900A7F3B1 /* Debug */ = {
			isa = XCBuildConfiguration;
			baseConfigurationReference = 7EC5F842FB1C431B1896102C /* Pods-Shingo Events.debug.xcconfig */;
			buildSettings = {
				ALWAYS_EMBED_SWIFT_STANDARD_LIBRARIES = YES;
				ASSETCATALOG_COMPILER_APPICON_NAME = AppIcon;
				ASSETCATALOG_COMPILER_LAUNCHIMAGE_NAME = LaunchImage;
				CODE_SIGN_IDENTITY = "iPhone Developer";
				"CODE_SIGN_IDENTITY[sdk=iphoneos*]" = "iPhone Developer";
				DEBUG_INFORMATION_FORMAT = "dwarf-with-dsym";
				EMBED_ASSET_PACKS_IN_PRODUCT_BUNDLE = YES;
				INFOPLIST_FILE = ShingoEvents/Info.plist;
				IPHONEOS_DEPLOYMENT_TARGET = 9.0;
				LD_RUNPATH_SEARCH_PATHS = "$(inherited) @executable_path/Frameworks";
				PRODUCT_BUNDLE_IDENTIFIER = com.usu.shingo.prize.conference;
				PRODUCT_NAME = "Shingo Events";
				PROVISIONING_PROFILE = "";
				SWIFT_OBJC_BRIDGING_HEADER = "./ShingoEvents/Bridging-Header.h";
				SWIFT_VERSION = 3.0;
				TARGETED_DEVICE_FAMILY = "1,2";
				VALID_ARCHS = "arm64 armv7 armv7s i386 i386 x86_64";
			};
			name = Debug;
		};
		C22AB2B81C2484E900A7F3B1 /* Release */ = {
			isa = XCBuildConfiguration;
			baseConfigurationReference = 0D9E3C660688E2372B0D1FD4 /* Pods-Shingo Events.release.xcconfig */;
			buildSettings = {
				ALWAYS_EMBED_SWIFT_STANDARD_LIBRARIES = YES;
				ASSETCATALOG_COMPILER_APPICON_NAME = AppIcon;
				ASSETCATALOG_COMPILER_LAUNCHIMAGE_NAME = LaunchImage;
				CODE_SIGN_IDENTITY = "iPhone Developer";
				"CODE_SIGN_IDENTITY[sdk=iphoneos*]" = "iPhone Developer";
				EMBED_ASSET_PACKS_IN_PRODUCT_BUNDLE = YES;
				INFOPLIST_FILE = ShingoEvents/Info.plist;
				IPHONEOS_DEPLOYMENT_TARGET = 9.0;
				LD_RUNPATH_SEARCH_PATHS = "$(inherited) @executable_path/Frameworks";
				PRODUCT_BUNDLE_IDENTIFIER = com.usu.shingo.prize.conference;
				PRODUCT_NAME = "Shingo Events";
				PROVISIONING_PROFILE = "";
				SWIFT_OBJC_BRIDGING_HEADER = "./ShingoEvents/Bridging-Header.h";
				SWIFT_VERSION = 3.0;
				TARGETED_DEVICE_FAMILY = "1,2";
				VALID_ARCHS = "arm64 armv7 armv7s i386 i386 x86_64";
			};
			name = Release;
		};
		C24FF4911D9195750061B3E2 /* Debug */ = {
			isa = XCBuildConfiguration;
			buildSettings = {
				BUNDLE_LOADER = "$(TEST_HOST)";
				CLANG_ANALYZER_NONNULL = YES;
				CLANG_WARN_DOCUMENTATION_COMMENTS = YES;
				CLANG_WARN_SUSPICIOUS_MOVES = YES;
				DEVELOPMENT_TEAM = XQL9FCF56P;
				INFOPLIST_FILE = ShingoEventsTests/Info.plist;
				IPHONEOS_DEPLOYMENT_TARGET = 10.0;
				LD_RUNPATH_SEARCH_PATHS = "$(inherited) @executable_path/Frameworks @loader_path/Frameworks";
				PRODUCT_BUNDLE_IDENTIFIER = com.usu.shingo.prize.conference.ShingoEventsTests;
				PRODUCT_NAME = "$(TARGET_NAME)";
				SWIFT_ACTIVE_COMPILATION_CONDITIONS = DEBUG;
				SWIFT_VERSION = 3.0;
				TEST_HOST = "$(BUILT_PRODUCTS_DIR)/Shingo Events.app/Shingo Events";
			};
			name = Debug;
		};
		C24FF4921D9195750061B3E2 /* Release */ = {
			isa = XCBuildConfiguration;
			buildSettings = {
				BUNDLE_LOADER = "$(TEST_HOST)";
				CLANG_ANALYZER_NONNULL = YES;
				CLANG_WARN_DOCUMENTATION_COMMENTS = YES;
				CLANG_WARN_SUSPICIOUS_MOVES = YES;
				DEVELOPMENT_TEAM = XQL9FCF56P;
				INFOPLIST_FILE = ShingoEventsTests/Info.plist;
				IPHONEOS_DEPLOYMENT_TARGET = 10.0;
				LD_RUNPATH_SEARCH_PATHS = "$(inherited) @executable_path/Frameworks @loader_path/Frameworks";
				PRODUCT_BUNDLE_IDENTIFIER = com.usu.shingo.prize.conference.ShingoEventsTests;
				PRODUCT_NAME = "$(TARGET_NAME)";
				SWIFT_VERSION = 3.0;
				TEST_HOST = "$(BUILT_PRODUCTS_DIR)/Shingo Events.app/Shingo Events";
			};
			name = Release;
		};
/* End XCBuildConfiguration section */

/* Begin XCConfigurationList section */
		C22AB2891C2484E800A7F3B1 /* Build configuration list for PBXProject "Shingo Events" */ = {
			isa = XCConfigurationList;
			buildConfigurations = (
				C22AB2B41C2484E900A7F3B1 /* Debug */,
				C22AB2B51C2484E900A7F3B1 /* Release */,
			);
			defaultConfigurationIsVisible = 0;
			defaultConfigurationName = Release;
		};
		C22AB2B61C2484E900A7F3B1 /* Build configuration list for PBXNativeTarget "Shingo Events" */ = {
			isa = XCConfigurationList;
			buildConfigurations = (
				C22AB2B71C2484E900A7F3B1 /* Debug */,
				C22AB2B81C2484E900A7F3B1 /* Release */,
			);
			defaultConfigurationIsVisible = 0;
			defaultConfigurationName = Release;
		};
		C24FF4901D9195750061B3E2 /* Build configuration list for PBXNativeTarget "ShingoEventsTests" */ = {
			isa = XCConfigurationList;
			buildConfigurations = (
				C24FF4911D9195750061B3E2 /* Debug */,
				C24FF4921D9195750061B3E2 /* Release */,
			);
			defaultConfigurationIsVisible = 0;
			defaultConfigurationName = Release;
		};
/* End XCConfigurationList section */
	};
	rootObject = C22AB2861C2484E800A7F3B1 /* Project object */;
}
