PODS:
  - Alamofire (4.0.1)
  - AlamofireImage (3.1.0):
    - Alamofire (~> 4.0)
  - Crashlytics (3.8.3):
    - Fabric (~> 1.6.3)
  - DropDown (2)
  - Fabric (1.6.10)
  - PureLayout (3.0.2)
  - SwiftyJSON (2.3.2)

DEPENDENCIES:
  - Alamofire (~> 4.0)
  - AlamofireImage (~> 3.0)
  - Crashlytics
  - DropDown (from `https://github.com/AssistoLab/DropDown.git`, branch `master`)
  - Fabric
  - PureLayout
  - SwiftyJSON (from `https://github.com/BaiduHiDeviOS/SwiftyJSON.git`, branch `swift3`)

EXTERNAL SOURCES:
  DropDown:
    :branch: master
    :git: https://github.com/AssistoLab/DropDown.git
  SwiftyJSON:
    :branch: swift3
    :git: https://github.com/BaiduHiDeviOS/SwiftyJSON.git

CHECKOUT OPTIONS:
  DropDown:
    :commit: 25e14b8f223cd3217103540d39a78d5ed8e158b1
    :git: https://github.com/AssistoLab/DropDown.git
  SwiftyJSON:
    :commit: de5dc3b1b421805769590d331178551bbb0e5733
    :git: https://github.com/BaiduHiDeviOS/SwiftyJSON.git

SPEC CHECKSUMS:
  Alamofire: 7682d43245de14874acd142ec137b144aa1dd335
  AlamofireImage: bb8c8351c51cb1633bb6be69b6dbbaff37ce65b7
  Crashlytics: 2b6dbe138a42395577cfa73dfa1aa7248cadf39e
  DropDown: 744784d9c9aa505100e942c16acd05430cbb2f0a
  Fabric: c73f371ee543e3f0b80608f2674750e4910d1669
  PureLayout: 4d550abe49a94f24c2808b9b95db9131685fe4cd
  SwiftyJSON: 6118fb49d7519c4d31a0c1f3d5af936e9047b556

PODFILE CHECKSUM: c4fe4d402ed179b5ad7c76d4133d1bb833a404e3

COCOAPODS: 1.2.0
